
Microsoft Visual Studio Solution File, Format Version 12.00
# Visual Studio Version 17
VisualStudioVersion = 17.11.35312.102
MinimumVisualStudioVersion = 10.0.40219.1
Project("{FAE04EC0-301F-11D3-BF4B-00C04F79EFBC}") = "Examen_Recuperacion_LGLA.Android", "Examen_Recuperacion_LGLA\Examen_Recuperacion_LGLA.Android\Examen_Recuperacion_LGLA.Android.csproj", "{0DE98A7A-D6BF-411B-BAA8-91B5DA400E70}"
EndProject
Project("{FAE04EC0-301F-11D3-BF4B-00C04F79EFBC}") = "Examen_Recuperacion_LGLA.iOS", "Examen_Recuperacion_LGLA\Examen_Recuperacion_LGLA.iOS\Examen_Recuperacion_LGLA.iOS.csproj", "{88649BE0-3E9C-4C63-B9C9-F8CA4DDE84AB}"
EndProject
Project("{FAE04EC0-301F-11D3-BF4B-00C04F79EFBC}") = "Examen_Recuperacion_LGLA", "Examen_Recuperacion_LGLA\Examen_Recuperacion_LGLA\Examen_Recuperacion_LGLA.csproj", "{C79B75B4-4754-4B4A-AF85-CBEAABB881F5}"
EndProject
Global
	GlobalSection(SolutionConfigurationPlatforms) = preSolution
		Debug|Any CPU = Debug|Any CPU
		Debug|iPhone = Debug|iPhone
		Debug|iPhoneSimulator = Debug|iPhoneSimulator
		Release|Any CPU = Release|Any CPU
		Release|iPhone = Release|iPhone
		Release|iPhoneSimulator = Release|iPhoneSimulator
	EndGlobalSection
	GlobalSection(ProjectConfigurationPlatforms) = postSolution
		{0DE98A7A-D6BF-411B-BAA8-91B5DA400E70}.Debug|Any CPU.ActiveCfg = Debug|Any CPU
		{0DE98A7A-D6BF-411B-BAA8-91B5DA400E70}.Debug|Any CPU.Build.0 = Debug|Any CPU
		{0DE98A7A-D6BF-411B-BAA8-91B5DA400E70}.Debug|Any CPU.Deploy.0 = Debug|Any CPU
		{0DE98A7A-D6BF-411B-BAA8-91B5DA400E70}.Debug|iPhone.ActiveCfg = Debug|Any CPU
		{0DE98A7A-D6BF-411B-BAA8-91B5DA400E70}.Debug|iPhone.Build.0 = Debug|Any CPU
		{0DE98A7A-D6BF-411B-BAA8-91B5DA400E70}.Debug|iPhone.Deploy.0 = Debug|Any CPU
		{0DE98A7A-D6BF-411B-BAA8-91B5DA400E70}.Debug|iPhoneSimulator.ActiveCfg = Debug|Any CPU
		{0DE98A7A-D6BF-411B-BAA8-91B5DA400E70}.Debug|iPhoneSimulator.Build.0 = Debug|Any CPU
		{0DE98A7A-D6BF-411B-BAA8-91B5DA400E70}.Debug|iPhoneSimulator.Deploy.0 = Debug|Any CPU
		{0DE98A7A-D6BF-411B-BAA8-91B5DA400E70}.Release|Any CPU.ActiveCfg = Release|Any CPU
		{0DE98A7A-D6BF-411B-BAA8-91B5DA400E70}.Release|Any CPU.Build.0 = Release|Any CPU
		{0DE98A7A-D6BF-411B-BAA8-91B5DA400E70}.Release|Any CPU.Deploy.0 = Release|Any CPU
		{0DE98A7A-D6BF-411B-BAA8-91B5DA400E70}.Release|iPhone.ActiveCfg = Release|Any CPU
		{0DE98A7A-D6BF-411B-BAA8-91B5DA400E70}.Release|iPhone.Build.0 = Release|Any CPU
		{0DE98A7A-D6BF-411B-BAA8-91B5DA400E70}.Release|iPhone.Deploy.0 = Release|Any CPU
		{0DE98A7A-D6BF-411B-BAA8-91B5DA400E70}.Release|iPhoneSimulator.ActiveCfg = Release|Any CPU
		{0DE98A7A-D6BF-411B-BAA8-91B5DA400E70}.Release|iPhoneSimulator.Build.0 = Release|Any CPU
		{0DE98A7A-D6BF-411B-BAA8-91B5DA400E70}.Release|iPhoneSimulator.Deploy.0 = Release|Any CPU
		{88649BE0-3E9C-4C63-B9C9-F8CA4DDE84AB}.Debug|Any CPU.ActiveCfg = Debug|iPhone
		{88649BE0-3E9C-4C63-B9C9-F8CA4DDE84AB}.Debug|Any CPU.Build.0 = Debug|iPhone
		{88649BE0-3E9C-4C63-B9C9-F8CA4DDE84AB}.Debug|Any CPU.Deploy.0 = Debug|iPhone
		{88649BE0-3E9C-4C63-B9C9-F8CA4DDE84AB}.Debug|iPhone.ActiveCfg = Debug|iPhone
		{88649BE0-3E9C-4C63-B9C9-F8CA4DDE84AB}.Debug|iPhone.Build.0 = Debug|iPhone
		{88649BE0-3E9C-4C63-B9C9-F8CA4DDE84AB}.Debug|iPhone.Deploy.0 = Debug|iPhone
		{88649BE0-3E9C-4C63-B9C9-F8CA4DDE84AB}.Debug|iPhoneSimulator.ActiveCfg = Debug|iPhoneSimulator
		{88649BE0-3E9C-4C63-B9C9-F8CA4DDE84AB}.Debug|iPhoneSimulator.Build.0 = Debug|iPhoneSimulator
		{88649BE0-3E9C-4C63-B9C9-F8CA4DDE84AB}.Debug|iPhoneSimulator.Deploy.0 = Debug|iPhoneSimulator
		{88649BE0-3E9C-4C63-B9C9-F8CA4DDE84AB}.Release|Any CPU.ActiveCfg = Release|iPhoneSimulator
		{88649BE0-3E9C-4C63-B9C9-F8CA4DDE84AB}.Release|Any CPU.Build.0 = Release|iPhoneSimulator
		{88649BE0-3E9C-4C63-B9C9-F8CA4DDE84AB}.Release|Any CPU.Deploy.0 = Release|iPhoneSimulator
		{88649BE0-3E9C-4C63-B9C9-F8CA4DDE84AB}.Release|iPhone.ActiveCfg = Release|iPhone
		{88649BE0-3E9C-4C63-B9C9-F8CA4DDE84AB}.Release|iPhone.Build.0 = Release|iPhone
		{88649BE0-3E9C-4C63-B9C9-F8CA4DDE84AB}.Release|iPhone.Deploy.0 = Release|iPhone
		{88649BE0-3E9C-4C63-B9C9-F8CA4DDE84AB}.Release|iPhoneSimulator.ActiveCfg = Release|iPhoneSimulator
		{88649BE0-3E9C-4C63-B9C9-F8CA4DDE84AB}.Release|iPhoneSimulator.Build.0 = Release|iPhoneSimulator
		{88649BE0-3E9C-4C63-B9C9-F8CA4DDE84AB}.Release|iPhoneSimulator.Deploy.0 = Release|iPhoneSimulator
		{C79B75B4-4754-4B4A-AF85-CBEAABB881F5}.Debug|Any CPU.ActiveCfg = Debug|Any CPU
		{C79B75B4-4754-4B4A-AF85-CBEAABB881F5}.Debug|Any CPU.Build.0 = Debug|Any CPU
		{C79B75B4-4754-4B4A-AF85-CBEAABB881F5}.Debug|Any CPU.Deploy.0 = Debug|Any CPU
		{C79B75B4-4754-4B4A-AF85-CBEAABB881F5}.Debug|iPhone.ActiveCfg = Debug|Any CPU
		{C79B75B4-4754-4B4A-AF85-CBEAABB881F5}.Debug|iPhone.Build.0 = Debug|Any CPU
		{C79B75B4-4754-4B4A-AF85-CBEAABB881F5}.Debug|iPhone.Deploy.0 = Debug|Any CPU
		{C79B75B4-4754-4B4A-AF85-CBEAABB881F5}.Debug|iPhoneSimulator.ActiveCfg = Debug|Any CPU
		{C79B75B4-4754-4B4A-AF85-CBEAABB881F5}.Debug|iPhoneSimulator.Build.0 = Debug|Any CPU
		{C79B75B4-4754-4B4A-AF85-CBEAABB881F5}.Debug|iPhoneSimulator.Deploy.0 = Debug|Any CPU
		{C79B75B4-4754-4B4A-AF85-CBEAABB881F5}.Release|Any CPU.ActiveCfg = Release|Any CPU
		{C79B75B4-4754-4B4A-AF85-CBEAABB881F5}.Release|Any CPU.Build.0 = Release|Any CPU
		{C79B75B4-4754-4B4A-AF85-CBEAABB881F5}.Release|Any CPU.Deploy.0 = Release|Any CPU
		{C79B75B4-4754-4B4A-AF85-CBEAABB881F5}.Release|iPhone.ActiveCfg = Release|Any CPU
		{C79B75B4-4754-4B4A-AF85-CBEAABB881F5}.Release|iPhone.Build.0 = Release|Any CPU
		{C79B75B4-4754-4B4A-AF85-CBEAABB881F5}.Release|iPhone.Deploy.0 = Release|Any CPU
		{C79B75B4-4754-4B4A-AF85-CBEAABB881F5}.Release|iPhoneSimulator.ActiveCfg = Release|Any CPU
		{C79B75B4-4754-4B4A-AF85-CBEAABB881F5}.Release|iPhoneSimulator.Build.0 = Release|Any CPU
		{C79B75B4-4754-4B4A-AF85-CBEAABB881F5}.Release|iPhoneSimulator.Deploy.0 = Release|Any CPU
	EndGlobalSection
	GlobalSection(SolutionProperties) = preSolution
		HideSolutionNode = FALSE
	EndGlobalSection
	GlobalSection(ExtensibilityGlobals) = postSolution
		SolutionGuid = {AA82B8A5-A30B-4A7C-94BE-59AA2AB2EEE0}
	EndGlobalSection
EndGlobal
